// !$*UTF8*$!
{
	archiveVersion = 1;
	classes = {
	};
	objectVersion = 46;
	objects = {

/* Begin PBXBuildFile section */
		B11884DA1E7EC85400636279 /* Smash.xcdatamodeld in Sources */ = {isa = PBXBuildFile; fileRef = B11884D81E7EC85400636279 /* Smash.xcdatamodeld */; };
		B11884DC1E7ECD7A00636279 /* Tweet.swift in Sources */ = {isa = PBXBuildFile; fileRef = B11884DB1E7ECD7A00636279 /* Tweet.swift */; };
		B11884DE1E7ECDDA00636279 /* TwitterUser.swift in Sources */ = {isa = PBXBuildFile; fileRef = B11884DD1E7ECDDA00636279 /* TwitterUser.swift */; };
		B11884E01E7ED0F600636279 /* SmashTweetTableViewController.swift in Sources */ = {isa = PBXBuildFile; fileRef = B11884DF1E7ED0F600636279 /* SmashTweetTableViewController.swift */; };
		B16B6E2B1E7DE9BB004DA9F2 /* TweetTableViewCell.swift in Sources */ = {isa = PBXBuildFile; fileRef = B16B6E2A1E7DE9BB004DA9F2 /* TweetTableViewCell.swift */; };
		B18053FF1E761272005FA83A /* AppDelegate.swift in Sources */ = {isa = PBXBuildFile; fileRef = B18053FE1E761272005FA83A /* AppDelegate.swift */; };
		B18054041E761272005FA83A /* Main.storyboard in Resources */ = {isa = PBXBuildFile; fileRef = B18054021E761272005FA83A /* Main.storyboard */; };
		B18054061E761272005FA83A /* Assets.xcassets in Resources */ = {isa = PBXBuildFile; fileRef = B18054051E761272005FA83A /* Assets.xcassets */; };
		B18054091E761272005FA83A /* LaunchScreen.storyboard in Resources */ = {isa = PBXBuildFile; fileRef = B18054071E761272005FA83A /* LaunchScreen.storyboard */; };
		B18054121E761378005FA83A /* TweetTableViewController.swift in Sources */ = {isa = PBXBuildFile; fileRef = B18054111E761378005FA83A /* TweetTableViewController.swift */; };
		B19AC5AA1E7C969D00D780D8 /* Twitter.framework in Frameworks */ = {isa = PBXBuildFile; fileRef = B19AC5A91E7C969D00D780D8 /* Twitter.framework */; };
		B19AC5AB1E7C969D00D780D8 /* Twitter.framework in Embed Frameworks */ = {isa = PBXBuildFile; fileRef = B19AC5A91E7C969D00D780D8 /* Twitter.framework */; settings = {ATTRIBUTES = (CodeSignOnCopy, RemoveHeadersOnCopy, ); }; };
/* End PBXBuildFile section */

/* Begin PBXCopyFilesBuildPhase section */
		B19AC5A41E7C8F8900D780D8 /* Embed Frameworks */ = {
			isa = PBXCopyFilesBuildPhase;
			buildActionMask = 2147483647;
			dstPath = "";
			dstSubfolderSpec = 10;
			files = (
				B19AC5AB1E7C969D00D780D8 /* Twitter.framework in Embed Frameworks */,
			);
			name = "Embed Frameworks";
			runOnlyForDeploymentPostprocessing = 0;
		};
/* End PBXCopyFilesBuildPhase section */

/* Begin PBXFileReference section */
		B11884D91E7EC85400636279 /* Smash.xcdatamodel */ = {isa = PBXFileReference; lastKnownFileType = wrapper.xcdatamodel; path = Smash.xcdatamodel; sourceTree = "<group>"; };
		B11884DB1E7ECD7A00636279 /* Tweet.swift */ = {isa = PBXFileReference; fileEncoding = 4; lastKnownFileType = sourcecode.swift; path = Tweet.swift; sourceTree = "<group>"; };
		B11884DD1E7ECDDA00636279 /* TwitterUser.swift */ = {isa = PBXFileReference; fileEncoding = 4; lastKnownFileType = sourcecode.swift; path = TwitterUser.swift; sourceTree = "<group>"; };
		B11884DF1E7ED0F600636279 /* SmashTweetTableViewController.swift */ = {isa = PBXFileReference; fileEncoding = 4; lastKnownFileType = sourcecode.swift; path = SmashTweetTableViewController.swift; sourceTree = "<group>"; };
		B16B6E2A1E7DE9BB004DA9F2 /* TweetTableViewCell.swift */ = {isa = PBXFileReference; fileEncoding = 4; lastKnownFileType = sourcecode.swift; path = TweetTableViewCell.swift; sourceTree = "<group>"; };
		B18053FB1E761272005FA83A /* Smashtag.app */ = {isa = PBXFileReference; explicitFileType = wrapper.application; includeInIndex = 0; path = Smashtag.app; sourceTree = BUILT_PRODUCTS_DIR; };
		B18053FE1E761272005FA83A /* AppDelegate.swift */ = {isa = PBXFileReference; lastKnownFileType = sourcecode.swift; path = AppDelegate.swift; sourceTree = "<group>"; };
		B18054031E761272005FA83A /* Base */ = {isa = PBXFileReference; lastKnownFileType = file.storyboard; name = Base; path = Base.lproj/Main.storyboard; sourceTree = "<group>"; };
		B18054051E761272005FA83A /* Assets.xcassets */ = {isa = PBXFileReference; lastKnownFileType = folder.assetcatalog; path = Assets.xcassets; sourceTree = "<group>"; };
		B18054081E761272005FA83A /* Base */ = {isa = PBXFileReference; lastKnownFileType = file.storyboard; name = Base; path = Base.lproj/LaunchScreen.storyboard; sourceTree = "<group>"; };
		B180540A1E761272005FA83A /* Info.plist */ = {isa = PBXFileReference; lastKnownFileType = text.plist.xml; path = Info.plist; sourceTree = "<group>"; };
		B18054111E761378005FA83A /* TweetTableViewController.swift */ = {isa = PBXFileReference; fileEncoding = 4; lastKnownFileType = sourcecode.swift; path = TweetTableViewController.swift; sourceTree = "<group>"; };
		B19AC5A91E7C969D00D780D8 /* Twitter.framework */ = {isa = PBXFileReference; explicitFileType = wrapper.framework; path = Twitter.framework; sourceTree = BUILT_PRODUCTS_DIR; };
/* End PBXFileReference section */

/* Begin PBXFrameworksBuildPhase section */
		B18053F81E761272005FA83A /* Frameworks */ = {
			isa = PBXFrameworksBuildPhase;
			buildActionMask = 2147483647;
			files = (
				B19AC5AA1E7C969D00D780D8 /* Twitter.framework in Frameworks */,
			);
			runOnlyForDeploymentPostprocessing = 0;
		};
/* End PBXFrameworksBuildPhase section */

/* Begin PBXGroup section */
		B18053F21E761272005FA83A = {
			isa = PBXGroup;
			children = (
				B19AC5A91E7C969D00D780D8 /* Twitter.framework */,
				B18053FD1E761272005FA83A /* Smashtag */,
				B18053FC1E761272005FA83A /* Products */,
			);
			sourceTree = "<group>";
		};
		B18053FC1E761272005FA83A /* Products */ = {
			isa = PBXGroup;
			children = (
				B18053FB1E761272005FA83A /* Smashtag.app */,
			);
			name = Products;
			sourceTree = "<group>";
		};
		B18053FD1E761272005FA83A /* Smashtag */ = {
			isa = PBXGroup;
			children = (
				B18054021E761272005FA83A /* Main.storyboard */,
				B11884D81E7EC85400636279 /* Smash.xcdatamodeld */,
				B11884DB1E7ECD7A00636279 /* Tweet.swift */,
				B11884DD1E7ECDDA00636279 /* TwitterUser.swift */,
				B18054111E761378005FA83A /* TweetTableViewController.swift */,
				B11884DF1E7ED0F600636279 /* SmashTweetTableViewController.swift */,
				B16B6E2A1E7DE9BB004DA9F2 /* TweetTableViewCell.swift */,
				B180540A1E761272005FA83A /* Info.plist */,
				B18054101E7612BF005FA83A /* Supporting Files */,
			);
			path = Smashtag;
			sourceTree = "<group>";
		};
		B18054101E7612BF005FA83A /* Supporting Files */ = {
			isa = PBXGroup;
			children = (
				B18053FE1E761272005FA83A /* AppDelegate.swift */,
				B18054051E761272005FA83A /* Assets.xcassets */,
				B18054071E761272005FA83A /* LaunchScreen.storyboard */,
			);
			name = "Supporting Files";
			sourceTree = "<group>";
		};
/* End PBXGroup section */

/* Begin PBXNativeTarget section */
		B18053FA1E761272005FA83A /* Smashtag */ = {
			isa = PBXNativeTarget;
			buildConfigurationList = B180540D1E761272005FA83A /* Build configuration list for PBXNativeTarget "Smashtag" */;
			buildPhases = (
				B18053F71E761272005FA83A /* Sources */,
				B18053F81E761272005FA83A /* Frameworks */,
				B18053F91E761272005FA83A /* Resources */,
				B19AC5A41E7C8F8900D780D8 /* Embed Frameworks */,
			);
			buildRules = (
			);
			dependencies = (
			);
			name = Smashtag;
			productName = Smashtag;
			productReference = B18053FB1E761272005FA83A /* Smashtag.app */;
			productType = "com.apple.product-type.application";
		};
/* End PBXNativeTarget section */

/* Begin PBXProject section */
		B18053F31E761272005FA83A /* Project object */ = {
			isa = PBXProject;
			attributes = {
				LastSwiftUpdateCheck = 0820;
				LastUpgradeCheck = 0820;
				ORGANIZATIONNAME = "H Hugo Falkman";
				TargetAttributes = {
					B18053FA1E761272005FA83A = {
						CreatedOnToolsVersion = 8.2;
						DevelopmentTeam = CAE4XXMP5G;
						ProvisioningStyle = Automatic;
					};
				};
			};
			buildConfigurationList = B18053F61E761272005FA83A /* Build configuration list for PBXProject "Smashtag" */;
			compatibilityVersion = "Xcode 3.2";
			developmentRegion = English;
			hasScannedForEncodings = 0;
			knownRegions = (
				en,
				Base,
			);
			mainGroup = B18053F21E761272005FA83A;
			productRefGroup = B18053FC1E761272005FA83A /* Products */;
			projectDirPath = "";
			projectRoot = "";
			targets = (
				B18053FA1E761272005FA83A /* Smashtag */,
			);
		};
/* End PBXProject section */

/* Begin PBXResourcesBuildPhase section */
		B18053F91E761272005FA83A /* Resources */ = {
			isa = PBXResourcesBuildPhase;
			buildActionMask = 2147483647;
			files = (
				B18054091E761272005FA83A /* LaunchScreen.storyboard in Resources */,
				B18054061E761272005FA83A /* Assets.xcassets in Resources */,
				B18054041E761272005FA83A /* Main.storyboard in Resources */,
			);
			runOnlyForDeploymentPostprocessing = 0;
		};
/* End PBXResourcesBuildPhase section */

/* Begin PBXSourcesBuildPhase section */
		B18053F71E761272005FA83A /* Sources */ = {
			isa = PBXSourcesBuildPhase;
			buildActionMask = 2147483647;
			files = (
				B11884E01E7ED0F600636279 /* SmashTweetTableViewController.swift in Sources */,
				B18053FF1E761272005FA83A /* AppDelegate.swift in Sources */,
				B11884DC1E7ECD7A00636279 /* Tweet.swift in Sources */,
				B11884DE1E7ECDDA00636279 /* TwitterUser.swift in Sources */,
				B18054121E761378005FA83A /* TweetTableViewController.swift in Sources */,
				B11884DA1E7EC85400636279 /* Smash.xcdatamodeld in Sources */,
				B16B6E2B1E7DE9BB004DA9F2 /* TweetTableViewCell.swift in Sources */,
			);
			runOnlyForDeploymentPostprocessing = 0;
		};
/* End PBXSourcesBuildPhase section */

/* Begin PBXVariantGroup section */
		B18054021E761272005FA83A /* Main.storyboard */ = {
			isa = PBXVariantGroup;
			children = (
				B18054031E761272005FA83A /* Base */,
			);
			name = Main.storyboard;
			sourceTree = "<group>";
		};
		B18054071E761272005FA83A /* LaunchScreen.storyboard */ = {
			isa = PBXVariantGroup;
			children = (
				B18054081E761272005FA83A /* Base */,
			);
			name = LaunchScreen.storyboard;
			sourceTree = "<group>";
		};
/* End PBXVariantGroup section */

/* Begin XCBuildConfiguration section */
		B180540B1E761272005FA83A /* Debug */ = {
			isa = XCBuildConfiguration;
			buildSettings = {
				ALWAYS_SEARCH_USER_PATHS = NO;
				CLANG_ANALYZER_NONNULL = YES;
				CLANG_CXX_LANGUAGE_STANDARD = "gnu++0x";
				CLANG_CXX_LIBRARY = "libc++";
				CLANG_ENABLE_MODULES = YES;
				CLANG_ENABLE_OBJC_ARC = YES;
				CLANG_WARN_BOOL_CONVERSION = YES;
				CLANG_WARN_CONSTANT_CONVERSION = YES;
				CLANG_WARN_DIRECT_OBJC_ISA_USAGE = YES_ERROR;
				CLANG_WARN_DOCUMENTATION_COMMENTS = YES;
				CLANG_WARN_EMPTY_BODY = YES;
				CLANG_WARN_ENUM_CONVERSION = YES;
				CLANG_WARN_INFINITE_RECURSION = YES;
				CLANG_WARN_INT_CONVERSION = YES;
				CLANG_WARN_OBJC_ROOT_CLASS = YES_ERROR;
				CLANG_WARN_SUSPICIOUS_MOVE = YES;
				CLANG_WARN_UNREACHABLE_CODE = YES;
				CLANG_WARN__DUPLICATE_METHOD_MATCH = YES;
				"CODE_SIGN_IDENTITY[sdk=iphoneos*]" = "iPhone Developer";
				COPY_PHASE_STRIP = NO;
				DEBUG_INFORMATION_FORMAT = dwarf;
				ENABLE_STRICT_OBJC_MSGSEND = YES;
				ENABLE_TESTABILITY = YES;
				GCC_C_LANGUAGE_STANDARD = gnu99;
				GCC_DYNAMIC_NO_PIC = NO;
				GCC_NO_COMMON_BLOCKS = YES;
				GCC_OPTIMIZATION_LEVEL = 0;
				GCC_PREPROCESSOR_DEFINITIONS = (
					"DEBUG=1",
					"$(inherited)",
				);
				GCC_WARN_64_TO_32_BIT_CONVERSION = YES;
				GCC_WARN_ABOUT_RETURN_TYPE = YES_ERROR;
				GCC_WARN_UNDECLARED_SELECTOR = YES;
				GCC_WARN_UNINITIALIZED_AUTOS = YES_AGGRESSIVE;
				GCC_WARN_UNUSED_FUNCTION = YES;
				GCC_WARN_UNUSED_VARIABLE = YES;
				IPHONEOS_DEPLOYMENT_TARGET = 10.2;
				MTL_ENABLE_DEBUG_INFO = YES;
				ONLY_ACTIVE_ARCH = YES;
				SDKROOT = iphoneos;
				SWIFT_ACTIVE_COMPILATION_CONDITIONS = DEBUG;
				SWIFT_OPTIMIZATION_LEVEL = "-Onone";
			};
			name = Debug;
		};
		B180540C1E761272005FA83A /* Release */ = {
			isa = XCBuildConfiguration;
			buildSettings = {
				ALWAYS_SEARCH_USER_PATHS = NO;
				CLANG_ANALYZER_NONNULL = YES;
				CLANG_CXX_LANGUAGE_STANDARD = "gnu++0x";
				CLANG_CXX_LIBRARY = "libc++";
				CLANG_ENABLE_MODULES = YES;
				CLANG_ENABLE_OBJC_ARC = YES;
				CLANG_WARN_BOOL_CONVERSION = YES;
				CLANG_WARN_CONSTANT_CONVERSION = YES;
				CLANG_WARN_DIRECT_OBJC_ISA_USAGE = YES_ERROR;
				CLANG_WARN_DOCUMENTATION_COMMENTS = YES;
				CLANG_WARN_EMPTY_BODY = YES;
				CLANG_WARN_ENUM_CONVERSION = YES;
				CLANG_WARN_INFINITE_RECURSION = YES;
				CLANG_WARN_INT_CONVERSION = YES;
				CLANG_WARN_OBJC_ROOT_CLASS = YES_ERROR;
				CLANG_WARN_SUSPICIOUS_MOVE = YES;
				CLANG_WARN_UNREACHABLE_CODE = YES;
				CLANG_WARN__DUPLICATE_METHOD_MATCH = YES;
				"CODE_SIGN_IDENTITY[sdk=iphoneos*]" = "iPhone Developer";
				COPY_PHASE_STRIP = NO;
				DEBUG_INFORMATION_FORMAT = "dwarf-with-dsym";
				ENABLE_NS_ASSERTIONS = NO;
				ENABLE_STRICT_OBJC_MSGSEND = YES;
				GCC_C_LANGUAGE_STANDARD = gnu99;
				GCC_NO_COMMON_BLOCKS = YES;
				GCC_WARN_64_TO_32_BIT_CONVERSION = YES;
				GCC_WARN_ABOUT_RETURN_TYPE = YES_ERROR;
				GCC_WARN_UNDECLARED_SELECTOR = YES;
				GCC_WARN_UNINITIALIZED_AUTOS = YES_AGGRESSIVE;
				GCC_WARN_UNUSED_FUNCTION = YES;
				GCC_WARN_UNUSED_VARIABLE = YES;
				IPHONEOS_DEPLOYMENT_TARGET = 10.2;
				MTL_ENABLE_DEBUG_INFO = NO;
				SDKROOT = iphoneos;
				SWIFT_OPTIMIZATION_LEVEL = "-Owholemodule";
				VALIDATE_PRODUCT = YES;
			};
			name = Release;
		};
		B180540E1E761272005FA83A /* Debug */ = {
			isa = XCBuildConfiguration;
			buildSettings = {
				ASSETCATALOG_COMPILER_APPICON_NAME = AppIcon;
				DEVELOPMENT_TEAM = CAE4XXMP5G;
				INFOPLIST_FILE = Smashtag/Info.plist;
				LD_RUNPATH_SEARCH_PATHS = "$(inherited) @executable_path/Frameworks";
				PRODUCT_BUNDLE_IDENTIFIER = com.hhugofalkman.Smashtag;
				PRODUCT_NAME = "$(TARGET_NAME)";
				SWIFT_VERSION = 3.0;
			};
			name = Debug;
		};
		B180540F1E761272005FA83A /* Release */ = {
			isa = XCBuildConfiguration;
			buildSettings = {
				ASSETCATALOG_COMPILER_APPICON_NAME = AppIcon;
				DEVELOPMENT_TEAM = CAE4XXMP5G;
				INFOPLIST_FILE = Smashtag/Info.plist;
				LD_RUNPATH_SEARCH_PATHS = "$(inherited) @executable_path/Frameworks";
				PRODUCT_BUNDLE_IDENTIFIER = com.hhugofalkman.Smashtag;
				PRODUCT_NAME = "$(TARGET_NAME)";
				SWIFT_VERSION = 3.0;
			};
			name = Release;
		};
/* End XCBuildConfiguration section */

/* Begin XCConfigurationList section */
		B18053F61E761272005FA83A /* Build configuration list for PBXProject "Smashtag" */ = {
			isa = XCConfigurationList;
			buildConfigurations = (
				B180540B1E761272005FA83A /* Debug */,
				B180540C1E761272005FA83A /* Release */,
			);
			defaultConfigurationIsVisible = 0;
			defaultConfigurationName = Release;
		};
		B180540D1E761272005FA83A /* Build configuration list for PBXNativeTarget "Smashtag" */ = {
			isa = XCConfigurationList;
			buildConfigurations = (
				B180540E1E761272005FA83A /* Debug */,
				B180540F1E761272005FA83A /* Release */,
			);
			defaultConfigurationIsVisible = 0;
			defaultConfigurationName = Release;
		};
/* End XCConfigurationList section */

/* Begin XCVersionGroup section */
		B11884D81E7EC85400636279 /* Smash.xcdatamodeld */ = {
			isa = XCVersionGroup;
			children = (
				B11884D91E7EC85400636279 /* Smash.xcdatamodel */,
			);
			currentVersion = B11884D91E7EC85400636279 /* Smash.xcdatamodel */;
			path = Smash.xcdatamodeld;
			sourceTree = "<group>";
			versionGroupType = wrapper.xcdatamodel;
		};
/* End XCVersionGroup section */
	};
	rootObject = B18053F31E761272005FA83A /* Project object */;
}
